{
  "requires": true,
  "lockfileVersion": 1,
  "dependencies": {
    "ismobilejs": {
      "version": "1.0.3",
      "resolved": "https://registry.npmjs.org/ismobilejs/-/ismobilejs-1.0.3.tgz",
      "integrity": "sha512-6rTcdWK7PHIWPYlCPdTbU9eE9yzdnIQSpiH+8Ln5OqugpEszQK5KHlsjZrDae26fEhki9rPvQmsjI1q4CLuKIA=="
    }
  }
}
